version = 1
revision = 3
requires-python = ">=3.13"

[[package]]
name = "markdown-it-py"
version = "4.0.0"
source = { registry = "https://pypi.org/simple" }
dependencies = [
    { name = "mdurl" },
]
sdist = { url = "https://files.pythonhosted.org/packages/5b/f5/4ec618ed16cc4f8fb3b701563655a69816155e79e24a17b651541804721d/markdown_it_py-4.0.0.tar.gz", hash = "sha256:cb0a2b4aa34f932c007117b194e945bd74e0ec24133ceb5bac59009cda1cb9f3", size = 73070, upload-time = "2025-08-11T12:57:52.854Z" }
wheels = [
    { url = "https://files.pythonhosted.org/packages/94/54/e7d793b573f298e1c9013b8c4dade17d481164aa517d1d7148619c2cedbf/markdown_it_py-4.0.0-py3-none-any.whl", hash = "sha256:87327c59b172c5011896038353a81343b6754500a08cd7a4973bb48c6d578147", size = 87321, upload-time = "2025-08-11T12:57:51.923Z" },
]

[[package]]
name = "maturin"
version = "1.13.1"
source = { registry = "https://pypi.org/simple" }
sdist = { url = "https://files.pythonhosted.org/packages/39/16/b284a7bc4af3dd87717c784278c1b8cb18606ad1f6f7a671c47bfd9c3df0/maturin-1.13.1.tar.gz", hash = "sha256:9a87ff3b8e4d1c6eac33ebfe8e261e8236516d98d45c0323550621819b5a1a2f", size = 340369, upload-time = "2026-04-09T15:14:07.026Z" }
wheels = [
    { url = "https://files.pythonhosted.org/packages/43/4d/a23fc95be881aa8c7a6ea353410417872e4d7065df03d7f3db8f0dbed4a7/maturin-1.13.1-py3-none-linux_armv6l.whl", hash = "sha256:416e4e01cb88b798e606ee43929df897e42c1647b722ef68283816cca99a8742", size = 10102444, upload-time = "2026-04-09T15:13:48.393Z" },
    { url = "https://files.pythonhosted.org/packages/a6/1e/65c385d65bae95cf04895d52f39dbed8b1453ae55da2903d252ade40a774/maturin-1.13.1-py3-none-macosx_10_12_x86_64.macosx_11_0_arm64.macosx_10_12_universal2.whl", hash = "sha256:72888e87819ce546d0d2df900e4b385e4ef299077d92ee37b48923a5602dae94", size = 19576043, upload-time = "2026-04-09T15:14:08.685Z" },
    { url = "https://files.pythonhosted.org/packages/8f/13/f6bc868d0bfecd9314870b97f530a167e31f7878ac4945c78245c6eef69c/maturin-1.13.1-py3-none-macosx_10_12_x86_64.whl", hash = "sha256:98b5fcf1a186c217830a8295ecc2989c6b1cf50945417adfc15252107b9475b7", size = 10117339, upload-time = "2026-04-09T15:13:40.559Z" },
    { url = "https://files.pythonhosted.org/packages/51/58/279e081305c11c1c1c4fccacf77df8959646c5d4de7a57ec7e787653e270/maturin-1.13.1-py3-none-manylinux_2_12_i686.manylinux2010_i686.musllinux_1_1_i686.whl", hash = "sha256:3da18cccf2f683c0977bff9146a0908d6ffce836d600665736ac01679f588cb9", size = 10139689, upload-time = "2026-04-09T15:13:38.291Z" },
    { url = "https://files.pythonhosted.org/packages/00/94/69391af5396c6aab723932240803f49e5f3de3dd7c57d32f02d237a0ce32/maturin-1.13.1-py3-none-manylinux_2_12_x86_64.manylinux2010_x86_64.musllinux_1_1_x86_64.whl", hash = "sha256:6b1e5916a253243e8f5f9e847b62bbc98420eec48c9ce2e2e8724c6da89d359b", size = 10551141, upload-time = "2026-04-09T15:13:42.887Z" },
    { url = "https://files.pythonhosted.org/packages/9e/bf/4edac2667b49e3733438062ae416413b8fc8d42e1bd499ba15e1fb02fc55/maturin-1.13.1-py3-none-manylinux_2_17_aarch64.manylinux2014_aarch64.musllinux_1_1_aarch64.whl", hash = "sha256:dc91031e0619c1e28730279ef9ee5f106c9b9ec806b013f888676b242f892eb7", size = 9983094, upload-time = "2026-04-09T15:13:56.868Z" },
    { url = "https://files.pythonhosted.org/packages/79/94/a6d651cfe8fc6bf2e892c90e3cdbb25c06d81c9115140d03ea1a68a97575/maturin-1.13.1-py3-none-manylinux_2_17_armv7l.manylinux2014_armv7l.musllinux_1_1_armv7l.whl", hash = "sha256:001741c6cff56aa8ea59a0d78ae990c0550d0e3e82b00b683eedb4158a8ef7e6", size = 9949980, upload-time = "2026-04-09T15:13:59.185Z" },
    { url = "https://files.pythonhosted.org/packages/b5/d1/82c067464f848e38af9910bce55eb54302b1c1284a279d515dbfcf5994f5/maturin-1.13.1-py3-none-manylinux_2_17_ppc64le.manylinux2014_ppc64le.musllinux_1_1_ppc64le.whl", hash = "sha256:01c845825c917c07c1d0b2c9032c59c16a7d383d1e649a46481d3e5693c2750f", size = 13186276, upload-time = "2026-04-09T15:13:45.725Z" },
    { url = "https://files.pythonhosted.org/packages/7c/f4/25367baf1025580f047f9b37598bb3fadc416e24536afd4f28e190335c73/maturin-1.13.1-py3-none-manylinux_2_17_s390x.manylinux2014_s390x.whl", hash = "sha256:f69093ed4a0e6464e52a7fc26d714f859ce15630ec8070743398c6bf41f38a9e", size = 10891837, upload-time = "2026-04-09T15:13:35.68Z" },
    { url = "https://files.pythonhosted.org/packages/af/be/caafad8ce74974b7deafdf144d12f758993dfea4c66c9905b138f51a7792/maturin-1.13.1-py3-none-manylinux_2_31_riscv64.musllinux_1_1_riscv64.whl", hash = "sha256:c1490584f3c70af45466ee99065b49e6657ebdccac6b10571bb44681309c9396", size = 10351032, upload-time = "2026-04-09T15:14:01.632Z" },
    { url = "https://files.pythonhosted.org/packages/66/0e/970a721d27cfa410e8bfa0a1e32e6ef52cb8169692110a5fdabe1af3f570/maturin-1.13.1-py3-none-win32.whl", hash = "sha256:c6a720b252c99de072922dbe4432ab19662b6f80045b0355fec23bdfccb450da", size = 8855465, upload-time = "2026-04-09T15:13:51.122Z" },
    { url = "https://files.pythonhosted.org/packages/88/70/7c1e0d65fa147d5479055a171541c82b8cdfc1c825d85a82240470f14176/maturin-1.13.1-py3-none-win_amd64.whl", hash = "sha256:a2017d2281203d0c6570240e7d746564d766d756105823b7de68bda6ae722711", size = 10230471, upload-time = "2026-04-09T15:13:53.89Z" },
    { url = "https://files.pythonhosted.org/packages/c5/2a/afe0193b673a79ffd2e01ad999511b7e9e6b49af02bb3759d82a78c3043d/maturin-1.13.1-py3-none-win_arm64.whl", hash = "sha256:2839024dcd65776abb4759e5bca29941971e095574162a4d335191da4be9ff24", size = 8905575, upload-time = "2026-04-09T15:14:03.891Z" },
]

[[package]]
name = "mdurl"
version = "0.1.2"
source = { registry = "https://pypi.org/simple" }
sdist = { url = "https://files.pythonhosted.org/packages/d6/54/cfe61301667036ec958cb99bd3efefba235e65cdeb9c84d24a8293ba1d90/mdurl-0.1.2.tar.gz", hash = "sha256:bb413d29f5eea38f31dd4754dd7377d4465116fb207585f97bf925588687c1ba", size = 8729, upload-time = "2022-08-14T12:40:10.846Z" }
wheels = [
    { url = "https://files.pythonhosted.org/packages/b3/38/89ba8ad64ae25be8de66a6d463314cf1eb366222074cfda9ee839c56a4b4/mdurl-0.1.2-py3-none-any.whl", hash = "sha256:84008a41e51615a49fc9966191ff91509e3c40b939176e643fd50a5c2196b8f8", size = 9979, upload-time = "2022-08-14T12:40:09.779Z" },
]

[[package]]
name = "pygments"
version = "2.20.0"
source = { registry = "https://pypi.org/simple" }
sdist = { url = "https://files.pythonhosted.org/packages/c3/b2/bc9c9196916376152d655522fdcebac55e66de6603a76a02bca1b6414f6c/pygments-2.20.0.tar.gz", hash = "sha256:6757cd03768053ff99f3039c1a36d6c0aa0b263438fcab17520b30a303a82b5f", size = 4955991, upload-time = "2026-03-29T13:29:33.898Z" }
wheels = [
    { url = "https://files.pythonhosted.org/packages/f4/7e/a72dd26f3b0f4f2bf1dd8923c85f7ceb43172af56d63c7383eb62b332364/pygments-2.20.0-py3-none-any.whl", hash = "sha256:81a9e26dd42fd28a23a2d169d86d7ac03b46e2f8b59ed4698fb4785f946d0176", size = 1231151, upload-time = "2026-03-29T13:29:30.038Z" },
]

[[package]]
name = "quickdiff"
source = { editable = "." }

[package.dev-dependencies]
dev = [
    { name = "maturin" },
    { name = "rich" },
]

[package.metadata]

[package.metadata.requires-dev]
dev = [
    { name = "maturin", specifier = ">=1.13.1" },
    { name = "rich", specifier = ">=14.3.3" },
]

[[package]]
name = "rich"
version = "14.3.3"
source = { registry = "https://pypi.org/simple" }
dependencies = [
    { name = "markdown-it-py" },
    { name = "pygments" },
]
sdist = { url = "https://files.pythonhosted.org/packages/b3/c6/f3b320c27991c46f43ee9d856302c70dc2d0fb2dba4842ff739d5f46b393/rich-14.3.3.tar.gz", hash = "sha256:b8daa0b9e4eef54dd8cf7c86c03713f53241884e814f4e2f5fb342fe520f639b", size = 230582, upload-time = "2026-02-19T17:23:12.474Z" }
wheels = [
    { url = "https://files.pythonhosted.org/packages/14/25/b208c5683343959b670dc001595f2f3737e051da617f66c31f7c4fa93abc/rich-14.3.3-py3-none-any.whl", hash = "sha256:793431c1f8619afa7d3b52b2cdec859562b950ea0d4b6b505397612db8d5362d", size = 310458, upload-time = "2026-02-19T17:23:13.732Z" },
]
